{
  "version": 4,
  "terraform_version": "1.12.1",
  "serial": 80,
  "lineage": "cd1911f6-7676-7718-15ef-0a4882c4608b",
  "outputs": {},
  "resources": [
    {
      "mode": "managed",
      "type": "kubernetes_deployment",
      "name": "backend-config",
      "provider": "provider[\"registry.terraform.io/hashicorp/kubernetes\"]",
      "instances": [
        {
          "schema_version": 1,
          "attributes": {
            "id": "chat-app/chatapp-backend-deployment",
            "metadata": [
              {
                "annotations": null,
                "generate_name": "",
                "generation": 1,
                "labels": null,
                "name": "chatapp-backend-deployment",
                "namespace": "chat-app",
                "resource_version": "929",
                "uid": "0abfbe82-8329-4491-9329-2ecf09c1a339"
              }
            ],
            "spec": [
              {
                "min_ready_seconds": 0,
                "paused": false,
                "progress_deadline_seconds": 600,
                "replicas": "1",
                "revision_history_limit": 10,
                "selector": [
                  {
                    "match_expressions": [],
                    "match_labels": {
                      "app": "backend"
                    }
                  }
                ],
                "strategy": [
                  {
                    "rolling_update": [
                      {
                        "max_surge": "25%",
                        "max_unavailable": "25%"
                      }
                    ],
                    "type": "RollingUpdate"
                  }
                ],
                "template": [
                  {
                    "metadata": [
                      {
                        "annotations": null,
                        "generate_name": "",
                        "generation": 0,
                        "labels": {
                          "app": "backend"
                        },
                        "name": "",
                        "namespace": "",
                        "resource_version": "",
                        "uid": ""
                      }
                    ],
                    "spec": [
                      {
                        "active_deadline_seconds": 0,
                        "affinity": [],
                        "automount_service_account_token": true,
                        "container": [
                          {
                            "args": null,
                            "command": null,
                            "env": [
                              {
                                "name": "NODE_ENV",
                                "value": "production",
                                "value_from": []
                              },
                              {
                                "name": "MONGODB_URI",
                                "value": "mongodb://mongodbadmin:secret@mongodb.chat-app.svc.cluster.local:27017/chatappdb?authSource=admin",
                                "value_from": []
                              },
                              {
                                "name": "JWT_SECRET",
                                "value": "",
                                "value_from": [
                                  {
                                    "config_map_key_ref": [],
                                    "field_ref": [],
                                    "resource_field_ref": [],
                                    "secret_key_ref": [
                                      {
                                        "key": "jwt",
                                        "name": "chatapp-secret",
                                        "optional": false
                                      }
                                    ]
                                  }
                                ]
                              },
                              {
                                "name": "PORT",
                                "value": "5001",
                                "value_from": []
                              }
                            ],
                            "env_from": [],
                            "image": "amansharmaapp/chatapp-backend:latest",
                            "image_pull_policy": "Always",
                            "lifecycle": [],
                            "liveness_probe": [],
                            "name": "chatapp-backend",
                            "port": [
                              {
                                "container_port": 5001,
                                "host_ip": "",
                                "host_port": 0,
                                "name": "",
                                "protocol": "TCP"
                              }
                            ],
                            "readiness_probe": [],
                            "resources": [
                              {
                                "limits": {},
                                "requests": {}
                              }
                            ],
                            "security_context": [],
                            "startup_probe": [],
                            "stdin": false,
                            "stdin_once": false,
                            "termination_message_path": "/dev/termination-log",
                            "termination_message_policy": "File",
                            "tty": false,
                            "volume_device": [],
                            "volume_mount": [],
                            "working_dir": ""
                          }
                        ],
                        "dns_config": [],
                        "dns_policy": "ClusterFirst",
                        "enable_service_links": true,
                        "host_aliases": [],
                        "host_ipc": false,
                        "host_network": false,
                        "host_pid": false,
                        "hostname": "",
                        "image_pull_secrets": [],
                        "init_container": [],
                        "node_name": "",
                        "node_selector": null,
                        "os": [],
                        "priority_class_name": "",
                        "readiness_gate": [],
                        "restart_policy": "Always",
                        "runtime_class_name": "",
                        "scheduler_name": "default-scheduler",
                        "security_context": [],
                        "service_account_name": "",
                        "share_process_namespace": false,
                        "subdomain": "",
                        "termination_grace_period_seconds": 30,
                        "toleration": [],
                        "topology_spread_constraint": [],
                        "volume": []
                      }
                    ]
                  }
                ]
              }
            ],
            "timeouts": null,
            "wait_for_rollout": true
          },
          "sensitive_attributes": [],
          "identity_schema_version": 0,
          "private": "eyJlMmJmYjczMC1lY2FhLTExZTYtOGY4OC0zNDM2M2JjN2M0YzAiOnsiY3JlYXRlIjo2MDAwMDAwMDAwMDAsImRlbGV0ZSI6NjAwMDAwMDAwMDAwLCJ1cGRhdGUiOjYwMDAwMDAwMDAwMH0sInNjaGVtYV92ZXJzaW9uIjoiMSJ9",
          "dependencies": [
            "kubernetes_deployment.mongo_config",
            "kubernetes_namespace.chat-app-ns",
            "kubernetes_persistent_volume.mongo_pv",
            "kubernetes_persistent_volume_claim.mongo_pvc",
            "kubernetes_secret.jwt"
          ]
        }
      ]
    },
    {
      "mode": "managed",
      "type": "kubernetes_deployment",
      "name": "frontend_config",
      "provider": "provider[\"registry.terraform.io/hashicorp/kubernetes\"]",
      "instances": [
        {
          "schema_version": 1,
          "attributes": {
            "id": "chat-app/chatapp-frontend-deployment",
            "metadata": [
              {
                "annotations": null,
                "generate_name": "",
                "generation": 1,
                "labels": null,
                "name": "chatapp-frontend-deployment",
                "namespace": "chat-app",
                "resource_version": "983",
                "uid": "44469bb2-8b65-4605-a859-6892b5d4f5d2"
              }
            ],
            "spec": [
              {
                "min_ready_seconds": 0,
                "paused": false,
                "progress_deadline_seconds": 600,
                "replicas": "1",
                "revision_history_limit": 10,
                "selector": [
                  {
                    "match_expressions": [],
                    "match_labels": {
                      "app": "frontend"
                    }
                  }
                ],
                "strategy": [
                  {
                    "rolling_update": [
                      {
                        "max_surge": "25%",
                        "max_unavailable": "25%"
                      }
                    ],
                    "type": "RollingUpdate"
                  }
                ],
                "template": [
                  {
                    "metadata": [
                      {
                        "annotations": null,
                        "generate_name": "",
                        "generation": 0,
                        "labels": {
                          "app": "frontend"
                        },
                        "name": "",
                        "namespace": "",
                        "resource_version": "",
                        "uid": ""
                      }
                    ],
                    "spec": [
                      {
                        "active_deadline_seconds": 0,
                        "affinity": [],
                        "automount_service_account_token": true,
                        "container": [
                          {
                            "args": null,
                            "command": null,
                            "env": [
                              {
                                "name": "NODE_ENV",
                                "value": "production",
                                "value_from": []
                              }
                            ],
                            "env_from": [],
                            "image": "amansharmaapp/chatapp-frontend:latest",
                            "image_pull_policy": "Always",
                            "lifecycle": [],
                            "liveness_probe": [],
                            "name": "chatapp-frontend",
                            "port": [
                              {
                                "container_port": 80,
                                "host_ip": "",
                                "host_port": 0,
                                "name": "",
                                "protocol": "TCP"
                              }
                            ],
                            "readiness_probe": [],
                            "resources": [
                              {
                                "limits": {},
                                "requests": {}
                              }
                            ],
                            "security_context": [],
                            "startup_probe": [],
                            "stdin": false,
                            "stdin_once": false,
                            "termination_message_path": "/dev/termination-log",
                            "termination_message_policy": "File",
                            "tty": false,
                            "volume_device": [],
                            "volume_mount": [],
                            "working_dir": ""
                          }
                        ],
                        "dns_config": [],
                        "dns_policy": "ClusterFirst",
                        "enable_service_links": true,
                        "host_aliases": [],
                        "host_ipc": false,
                        "host_network": false,
                        "host_pid": false,
                        "hostname": "",
                        "image_pull_secrets": [],
                        "init_container": [],
                        "node_name": "",
                        "node_selector": null,
                        "os": [],
                        "priority_class_name": "",
                        "readiness_gate": [],
                        "restart_policy": "Always",
                        "runtime_class_name": "",
                        "scheduler_name": "default-scheduler",
                        "security_context": [],
                        "service_account_name": "",
                        "share_process_namespace": false,
                        "subdomain": "",
                        "termination_grace_period_seconds": 30,
                        "toleration": [],
                        "topology_spread_constraint": [],
                        "volume": []
                      }
                    ]
                  }
                ]
              }
            ],
            "timeouts": null,
            "wait_for_rollout": true
          },
          "sensitive_attributes": [],
          "identity_schema_version": 0,
          "private": "eyJlMmJmYjczMC1lY2FhLTExZTYtOGY4OC0zNDM2M2JjN2M0YzAiOnsiY3JlYXRlIjo2MDAwMDAwMDAwMDAsImRlbGV0ZSI6NjAwMDAwMDAwMDAwLCJ1cGRhdGUiOjYwMDAwMDAwMDAwMH0sInNjaGVtYV92ZXJzaW9uIjoiMSJ9",
          "dependencies": [
            "kubernetes_deployment.backend-config",
            "kubernetes_deployment.mongo_config",
            "kubernetes_namespace.chat-app-ns",
            "kubernetes_persistent_volume.mongo_pv",
            "kubernetes_persistent_volume_claim.mongo_pvc",
            "kubernetes_secret.jwt"
          ]
        }
      ]
    },
    {
      "mode": "managed",
      "type": "kubernetes_deployment",
      "name": "mongo_config",
      "provider": "provider[\"registry.terraform.io/hashicorp/kubernetes\"]",
      "instances": [
        {
          "schema_version": 1,
          "attributes": {
            "id": "chat-app/chatapp-mongodb-deployment",
            "metadata": [
              {
                "annotations": null,
                "generate_name": "",
                "generation": 1,
                "labels": null,
                "name": "chatapp-mongodb-deployment",
                "namespace": "chat-app",
                "resource_version": "863",
                "uid": "0d752429-dd2b-48b6-b1d6-808dffd1fa12"
              }
            ],
            "spec": [
              {
                "min_ready_seconds": 0,
                "paused": false,
                "progress_deadline_seconds": 600,
                "replicas": "1",
                "revision_history_limit": 10,
                "selector": [
                  {
                    "match_expressions": [],
                    "match_labels": {
                      "app": "mongodb"
                    }
                  }
                ],
                "strategy": [
                  {
                    "rolling_update": [
                      {
                        "max_surge": "25%",
                        "max_unavailable": "25%"
                      }
                    ],
                    "type": "RollingUpdate"
                  }
                ],
                "template": [
                  {
                    "metadata": [
                      {
                        "annotations": null,
                        "generate_name": "",
                        "generation": 0,
                        "labels": {
                          "app": "mongodb"
                        },
                        "name": "",
                        "namespace": "",
                        "resource_version": "",
                        "uid": ""
                      }
                    ],
                    "spec": [
                      {
                        "active_deadline_seconds": 0,
                        "affinity": [],
                        "automount_service_account_token": true,
                        "container": [
                          {
                            "args": null,
                            "command": null,
                            "env": [
                              {
                                "name": "MONGO_INITDB_ROOT_USERNAME",
                                "value": "mongodbadmin",
                                "value_from": []
                              },
                              {
                                "name": "MONGO_INITDB_ROOT_PASSWORD",
                                "value": "secret",
                                "value_from": []
                              }
                            ],
                            "env_from": [],
                            "image": "mongo:latest",
                            "image_pull_policy": "IfNotPresent",
                            "lifecycle": [],
                            "liveness_probe": [],
                            "name": "chatapp-mongodb",
                            "port": [
                              {
                                "container_port": 27017,
                                "host_ip": "",
                                "host_port": 0,
                                "name": "",
                                "protocol": "TCP"
                              }
                            ],
                            "readiness_probe": [],
                            "resources": [
                              {
                                "limits": {},
                                "requests": {}
                              }
                            ],
                            "security_context": [],
                            "startup_probe": [],
                            "stdin": false,
                            "stdin_once": false,
                            "termination_message_path": "/dev/termination-log",
                            "termination_message_policy": "File",
                            "tty": false,
                            "volume_device": [],
                            "volume_mount": [
                              {
                                "mount_path": "/data/db",
                                "mount_propagation": "None",
                                "name": "mongo-data",
                                "read_only": false,
                                "sub_path": ""
                              }
                            ],
                            "working_dir": ""
                          }
                        ],
                        "dns_config": [],
                        "dns_policy": "ClusterFirst",
                        "enable_service_links": true,
                        "host_aliases": [],
                        "host_ipc": false,
                        "host_network": false,
                        "host_pid": false,
                        "hostname": "",
                        "image_pull_secrets": [],
                        "init_container": [],
                        "node_name": "",
                        "node_selector": null,
                        "os": [],
                        "priority_class_name": "",
                        "readiness_gate": [],
                        "restart_policy": "Always",
                        "runtime_class_name": "",
                        "scheduler_name": "default-scheduler",
                        "security_context": [],
                        "service_account_name": "",
                        "share_process_namespace": false,
                        "subdomain": "",
                        "termination_grace_period_seconds": 30,
                        "toleration": [],
                        "topology_spread_constraint": [],
                        "volume": [
                          {
                            "aws_elastic_block_store": [],
                            "azure_disk": [],
                            "azure_file": [],
                            "ceph_fs": [],
                            "cinder": [],
                            "config_map": [],
                            "csi": [],
                            "downward_api": [],
                            "empty_dir": [],
                            "ephemeral": [],
                            "fc": [],
                            "flex_volume": [],
                            "flocker": [],
                            "gce_persistent_disk": [],
                            "git_repo": [],
                            "glusterfs": [],
                            "host_path": [],
                            "iscsi": [],
                            "local": [],
                            "name": "mongo-data",
                            "nfs": [],
                            "persistent_volume_claim": [
                              {
                                "claim_name": "mongo-pvc",
                                "read_only": false
                              }
                            ],
                            "photon_persistent_disk": [],
                            "projected": [],
                            "quobyte": [],
                            "rbd": [],
                            "secret": [],
                            "vsphere_volume": []
                          }
                        ]
                      }
                    ]
                  }
                ]
              }
            ],
            "timeouts": null,
            "wait_for_rollout": true
          },
          "sensitive_attributes": [],
          "identity_schema_version": 0,
          "private": "eyJlMmJmYjczMC1lY2FhLTExZTYtOGY4OC0zNDM2M2JjN2M0YzAiOnsiY3JlYXRlIjo2MDAwMDAwMDAwMDAsImRlbGV0ZSI6NjAwMDAwMDAwMDAwLCJ1cGRhdGUiOjYwMDAwMDAwMDAwMH0sInNjaGVtYV92ZXJzaW9uIjoiMSJ9",
          "dependencies": [
            "kubernetes_namespace.chat-app-ns",
            "kubernetes_persistent_volume.mongo_pv",
            "kubernetes_persistent_volume_claim.mongo_pvc",
            "kubernetes_secret.jwt"
          ]
        }
      ]
    },
    {
      "mode": "managed",
      "type": "kubernetes_namespace",
      "name": "chat-app-ns",
      "provider": "provider[\"registry.terraform.io/hashicorp/kubernetes\"]",
      "instances": [
        {
          "schema_version": 0,
          "attributes": {
            "id": "chat-app",
            "metadata": [
              {
                "annotations": null,
                "generate_name": "",
                "generation": 0,
                "labels": null,
                "name": "chat-app",
                "resource_version": "746",
                "uid": "c7ecf9ea-80d6-40a3-bb40-b6cb343ef9ff"
              }
            ],
            "timeouts": null,
            "wait_for_default_service_account": false
          },
          "sensitive_attributes": [],
          "identity_schema_version": 0,
          "private": "eyJlMmJmYjczMC1lY2FhLTExZTYtOGY4OC0zNDM2M2JjN2M0YzAiOnsiZGVsZXRlIjozMDAwMDAwMDAwMDB9fQ=="
        }
      ]
    },
    {
      "mode": "managed",
      "type": "kubernetes_persistent_volume",
      "name": "mongo_pv",
      "provider": "provider[\"registry.terraform.io/hashicorp/kubernetes\"]",
      "instances": [
        {
          "schema_version": 0,
          "attributes": {
            "id": "mongodb-pv",
            "metadata": [
              {
                "annotations": null,
                "generation": 0,
                "labels": null,
                "name": "mongodb-pv",
                "resource_version": "762",
                "uid": "82fa271c-c47b-4fc9-a058-7d51f8bf1699"
              }
            ],
            "spec": [
              {
                "access_modes": [
                  "ReadWriteOnce"
                ],
                "capacity": {
                  "storage": "5Gi"
                },
                "claim_ref": [],
                "mount_options": null,
                "node_affinity": [],
                "persistent_volume_reclaim_policy": "Retain",
                "persistent_volume_source": [
                  {
                    "aws_elastic_block_store": [],
                    "azure_disk": [],
                    "azure_file": [],
                    "ceph_fs": [],
                    "cinder": [],
                    "csi": [],
                    "fc": [],
                    "flex_volume": [],
                    "flocker": [],
                    "gce_persistent_disk": [],
                    "glusterfs": [],
                    "host_path": [
                      {
                        "path": "/data/mongodb",
                        "type": ""
                      }
                    ],
                    "iscsi": [],
                    "local": [],
                    "nfs": [],
                    "photon_persistent_disk": [],
                    "quobyte": [],
                    "rbd": [],
                    "vsphere_volume": []
                  }
                ],
                "storage_class_name": "mongo-storage",
                "volume_mode": "Filesystem"
              }
            ],
            "timeouts": null
          },
          "sensitive_attributes": [],
          "identity_schema_version": 0,
          "private": "eyJlMmJmYjczMC1lY2FhLTExZTYtOGY4OC0zNDM2M2JjN2M0YzAiOnsiY3JlYXRlIjozMDAwMDAwMDAwMDB9fQ==",
          "dependencies": [
            "kubernetes_namespace.chat-app-ns",
            "kubernetes_secret.jwt"
          ]
        }
      ]
    },
    {
      "mode": "managed",
      "type": "kubernetes_persistent_volume_claim",
      "name": "mongo_pvc",
      "provider": "provider[\"registry.terraform.io/hashicorp/kubernetes\"]",
      "instances": [
        {
          "schema_version": 0,
          "attributes": {
            "id": "chat-app/mongo-pvc",
            "metadata": [
              {
                "annotations": null,
                "generate_name": "",
                "generation": 0,
                "labels": null,
                "name": "mongo-pvc",
                "namespace": "chat-app",
                "resource_version": "767",
                "uid": "c671996e-3e91-4465-9b3b-e2e6c23604ef"
              }
            ],
            "spec": [
              {
                "access_modes": [
                  "ReadWriteOnce"
                ],
                "resources": [
                  {
                    "limits": null,
                    "requests": {
                      "storage": "5Gi"
                    }
                  }
                ],
                "selector": [],
                "storage_class_name": "mongo-storage",
                "volume_mode": "Filesystem",
                "volume_name": "mongodb-pv"
              }
            ],
            "timeouts": null,
            "wait_until_bound": true
          },
          "sensitive_attributes": [],
          "identity_schema_version": 0,
          "private": "eyJlMmJmYjczMC1lY2FhLTExZTYtOGY4OC0zNDM2M2JjN2M0YzAiOnsiY3JlYXRlIjozMDAwMDAwMDAwMDB9fQ==",
          "dependencies": [
            "kubernetes_namespace.chat-app-ns",
            "kubernetes_persistent_volume.mongo_pv",
            "kubernetes_secret.jwt"
          ]
        }
      ]
    },
    {
      "mode": "managed",
      "type": "kubernetes_secret",
      "name": "jwt",
      "provider": "provider[\"registry.terraform.io/hashicorp/kubernetes\"]",
      "instances": [
        {
          "schema_version": 0,
          "attributes": {
            "binary_data": null,
            "binary_data_wo": null,
            "binary_data_wo_revision": null,
            "data": {
              "jwt": "eW91cl9qd3Rfc2VjcmV0X2hlcmU="
            },
            "data_wo": null,
            "data_wo_revision": null,
            "id": "chat-app/chatapp-secret",
            "immutable": false,
            "metadata": [
              {
                "annotations": null,
                "generate_name": "",
                "generation": 0,
                "labels": null,
                "name": "chatapp-secret",
                "namespace": "chat-app",
                "resource_version": "749",
                "uid": "abdcc07a-cef3-4e89-bb13-d4d22cc2ff69"
              }
            ],
            "timeouts": null,
            "type": "Opaque",
            "wait_for_service_account_token": true
          },
          "sensitive_attributes": [
            [
              {
                "type": "get_attr",
                "value": "binary_data"
              }
            ],
            [
              {
                "type": "get_attr",
                "value": "data"
              }
            ]
          ],
          "identity_schema_version": 0,
          "private": "eyJlMmJmYjczMC1lY2FhLTExZTYtOGY4OC0zNDM2M2JjN2M0YzAiOnsiY3JlYXRlIjo2MDAwMDAwMDAwMH19",
          "dependencies": [
            "kubernetes_namespace.chat-app-ns"
          ]
        }
      ]
    },
    {
      "mode": "managed",
      "type": "kubernetes_service",
      "name": "backend-service-config",
      "provider": "provider[\"registry.terraform.io/hashicorp/kubernetes\"]",
      "instances": [
        {
          "schema_version": 1,
          "attributes": {
            "id": "chat-app/backend",
            "metadata": [
              {
                "annotations": null,
                "generate_name": "",
                "generation": 0,
                "labels": null,
                "name": "backend",
                "namespace": "chat-app",
                "resource_version": "753",
                "uid": "079cd65a-1cd9-40c4-aed2-7f1d8be9ab7f"
              }
            ],
            "spec": [
              {
                "allocate_load_balancer_node_ports": true,
                "cluster_ip": "10.96.221.23",
                "cluster_ips": [
                  "10.96.221.23"
                ],
                "external_ips": null,
                "external_name": "",
                "external_traffic_policy": "",
                "health_check_node_port": 0,
                "internal_traffic_policy": "Cluster",
                "ip_families": [
                  "IPv4"
                ],
                "ip_family_policy": "SingleStack",
                "load_balancer_class": "",
                "load_balancer_ip": "",
                "load_balancer_source_ranges": null,
                "port": [
                  {
                    "app_protocol": "",
                    "name": "",
                    "node_port": 0,
                    "port": 5001,
                    "protocol": "TCP",
                    "target_port": "5001"
                  }
                ],
                "publish_not_ready_addresses": false,
                "selector": {
                  "app": "backend"
                },
                "session_affinity": "None",
                "session_affinity_config": [],
                "type": "ClusterIP"
              }
            ],
            "status": [
              {
                "load_balancer": [
                  {
                    "ingress": []
                  }
                ]
              }
            ],
            "timeouts": null,
            "wait_for_load_balancer": true
          },
          "sensitive_attributes": [],
          "identity_schema_version": 0,
          "private": "eyJlMmJmYjczMC1lY2FhLTExZTYtOGY4OC0zNDM2M2JjN2M0YzAiOnsiY3JlYXRlIjo2MDAwMDAwMDAwMDB9LCJzY2hlbWFfdmVyc2lvbiI6IjEifQ==",
          "dependencies": [
            "kubernetes_namespace.chat-app-ns"
          ]
        }
      ]
    },
    {
      "mode": "managed",
      "type": "kubernetes_service",
      "name": "frontend_service_config",
      "provider": "provider[\"registry.terraform.io/hashicorp/kubernetes\"]",
      "instances": [
        {
          "schema_version": 1,
          "attributes": {
            "id": "chat-app/frontend",
            "metadata": [
              {
                "annotations": null,
                "generate_name": "",
                "generation": 0,
                "labels": null,
                "name": "frontend",
                "namespace": "chat-app",
                "resource_version": "758",
                "uid": "a7155699-316e-4635-a933-f650024f4be5"
              }
            ],
            "spec": [
              {
                "allocate_load_balancer_node_ports": true,
                "cluster_ip": "10.96.21.96",
                "cluster_ips": [
                  "10.96.21.96"
                ],
                "external_ips": null,
                "external_name": "",
                "external_traffic_policy": "",
                "health_check_node_port": 0,
                "internal_traffic_policy": "Cluster",
                "ip_families": [
                  "IPv4"
                ],
                "ip_family_policy": "SingleStack",
                "load_balancer_class": "",
                "load_balancer_ip": "",
                "load_balancer_source_ranges": null,
                "port": [
                  {
                    "app_protocol": "",
                    "name": "",
                    "node_port": 0,
                    "port": 80,
                    "protocol": "TCP",
                    "target_port": "80"
                  }
                ],
                "publish_not_ready_addresses": false,
                "selector": {
                  "app": "frontend"
                },
                "session_affinity": "None",
                "session_affinity_config": [],
                "type": "ClusterIP"
              }
            ],
            "status": [
              {
                "load_balancer": [
                  {
                    "ingress": []
                  }
                ]
              }
            ],
            "timeouts": null,
            "wait_for_load_balancer": true
          },
          "sensitive_attributes": [],
          "identity_schema_version": 0,
          "private": "eyJlMmJmYjczMC1lY2FhLTExZTYtOGY4OC0zNDM2M2JjN2M0YzAiOnsiY3JlYXRlIjo2MDAwMDAwMDAwMDB9LCJzY2hlbWFfdmVyc2lvbiI6IjEifQ==",
          "dependencies": [
            "kubernetes_namespace.chat-app-ns"
          ]
        }
      ]
    },
    {
      "mode": "managed",
      "type": "kubernetes_service",
      "name": "mongo_service",
      "provider": "provider[\"registry.terraform.io/hashicorp/kubernetes\"]",
      "instances": [
        {
          "schema_version": 1,
          "attributes": {
            "id": "chat-app/mongodb",
            "metadata": [
              {
                "annotations": null,
                "generate_name": "",
                "generation": 0,
                "labels": null,
                "name": "mongodb",
                "namespace": "chat-app",
                "resource_version": "869",
                "uid": "97f11592-f39f-422d-91ac-2089e06ecc7b"
              }
            ],
            "spec": [
              {
                "allocate_load_balancer_node_ports": true,
                "cluster_ip": "10.96.163.45",
                "cluster_ips": [
                  "10.96.163.45"
                ],
                "external_ips": null,
                "external_name": "",
                "external_traffic_policy": "",
                "health_check_node_port": 0,
                "internal_traffic_policy": "Cluster",
                "ip_families": [
                  "IPv4"
                ],
                "ip_family_policy": "SingleStack",
                "load_balancer_class": "",
                "load_balancer_ip": "",
                "load_balancer_source_ranges": null,
                "port": [
                  {
                    "app_protocol": "",
                    "name": "",
                    "node_port": 0,
                    "port": 27017,
                    "protocol": "TCP",
                    "target_port": "27017"
                  }
                ],
                "publish_not_ready_addresses": false,
                "selector": {
                  "app": "mongodb"
                },
                "session_affinity": "None",
                "session_affinity_config": [],
                "type": "ClusterIP"
              }
            ],
            "status": [
              {
                "load_balancer": [
                  {
                    "ingress": []
                  }
                ]
              }
            ],
            "timeouts": null,
            "wait_for_load_balancer": true
          },
          "sensitive_attributes": [],
          "identity_schema_version": 0,
          "private": "eyJlMmJmYjczMC1lY2FhLTExZTYtOGY4OC0zNDM2M2JjN2M0YzAiOnsiY3JlYXRlIjo2MDAwMDAwMDAwMDB9LCJzY2hlbWFfdmVyc2lvbiI6IjEifQ==",
          "dependencies": [
            "kubernetes_deployment.mongo_config",
            "kubernetes_namespace.chat-app-ns",
            "kubernetes_persistent_volume.mongo_pv",
            "kubernetes_persistent_volume_claim.mongo_pvc",
            "kubernetes_secret.jwt"
          ]
        }
      ]
    }
  ],
  "check_results": null
}
